
Microsoft Visual Studio Solution File, Format Version 12.00
# Visual Studio Version 17
VisualStudioVersion = 17.0.32112.339
MinimumVisualStudioVersion = 10.0.40219.1
Project("{FAE04EC0-301F-11D3-BF4B-00C04F79EFBC}") = "YelpApp_v1", "YelpApp_v1\YelpApp_v1.csproj", "{B588702E-5AEF-448D-98B8-07460AB8EB71}"
EndProject
Global
	GlobalSection(SolutionConfigurationPlatforms) = preSolution
		Debug|Any CPU = Debug|Any CPU
		Release|Any CPU = Release|Any CPU
	EndGlobalSection
	GlobalSection(ProjectConfigurationPlatforms) = postSolution
		{B588702E-5AEF-448D-98B8-07460AB8EB71}.Debug|Any CPU.ActiveCfg = Debug|Any CPU
		{B588702E-5AEF-448D-98B8-07460AB8EB71}.Debug|Any CPU.Build.0 = Debug|Any CPU
		{B588702E-5AEF-448D-98B8-07460AB8EB71}.Release|Any CPU.ActiveCfg = Release|Any CPU
		{B588702E-5AEF-448D-98B8-07460AB8EB71}.Release|Any CPU.Build.0 = Release|Any CPU
	EndGlobalSection
	GlobalSection(SolutionProperties) = preSolution
		HideSolutionNode = FALSE
	EndGlobalSection
	GlobalSection(ExtensibilityGlobals) = postSolution
		SolutionGuid = {C6A1A6E4-2F98-4369-9122-359D0F5A97E7}
	EndGlobalSection
EndGlobal
